
Microsoft Visual Studio Solution File, Format Version 12.00
# Visual Studio 2013
VisualStudioVersion = 12.0.21005.1
MinimumVisualStudioVersion = 10.0.40219.1
Project("{8BC9CEB8-8B4A-11D0-8D11-00A0C91BC942}") = "WinterFrameWork", "WinterFrameWork\WinterFrameWork.vcxproj", "{872FDB93-8849-4FFF-B778-82BCFDC3DA3B}"
EndProject
Project("{8BC9CEB8-8B4A-11D0-8D11-00A0C91BC942}") = "SmallCompoent", "SmallCompoent\SmallCompoent.vcxproj", "{DD508A48-BCB8-4848-B61D-2A5C84F147C2}"
EndProject
Project("{8BC9CEB8-8B4A-11D0-8D11-00A0C91BC942}") = "TestExe", "TestExe\TestExe.vcxproj", "{C70FE5E4-EABC-4CC6-A6B9-0AC1891FF698}"
EndProject
Global
	GlobalSection(SolutionConfigurationPlatforms) = preSolution
		Debug|Win32 = Debug|Win32
		Release|Win32 = Release|Win32
	EndGlobalSection
	GlobalSection(ProjectConfigurationPlatforms) = postSolution
		{872FDB93-8849-4FFF-B778-82BCFDC3DA3B}.Debug|Win32.ActiveCfg = testlib|Win32
		{872FDB93-8849-4FFF-B778-82BCFDC3DA3B}.Debug|Win32.Build.0 = testlib|Win32
		{872FDB93-8849-4FFF-B778-82BCFDC3DA3B}.Release|Win32.ActiveCfg = Release|Win32
		{872FDB93-8849-4FFF-B778-82BCFDC3DA3B}.Release|Win32.Build.0 = Release|Win32
		{DD508A48-BCB8-4848-B61D-2A5C84F147C2}.Debug|Win32.ActiveCfg = Debug|Win32
		{DD508A48-BCB8-4848-B61D-2A5C84F147C2}.Debug|Win32.Build.0 = Debug|Win32
		{DD508A48-BCB8-4848-B61D-2A5C84F147C2}.Release|Win32.ActiveCfg = Release|Win32
		{DD508A48-BCB8-4848-B61D-2A5C84F147C2}.Release|Win32.Build.0 = Release|Win32
		{C70FE5E4-EABC-4CC6-A6B9-0AC1891FF698}.Debug|Win32.ActiveCfg = Debug|Win32
		{C70FE5E4-EABC-4CC6-A6B9-0AC1891FF698}.Debug|Win32.Build.0 = Debug|Win32
		{C70FE5E4-EABC-4CC6-A6B9-0AC1891FF698}.Release|Win32.ActiveCfg = Release|Win32
		{C70FE5E4-EABC-4CC6-A6B9-0AC1891FF698}.Release|Win32.Build.0 = Release|Win32
	EndGlobalSection
	GlobalSection(SolutionProperties) = preSolution
		HideSolutionNode = FALSE
	EndGlobalSection
EndGlobal
